
Microsoft Visual Studio Solution File, Format Version 12.00
# Visual Studio Version 17
VisualStudioVersion = 17.0.31903.59
MinimumVisualStudioVersion = 10.0.40219.1
Project("{FAE04EC0-301F-11D3-BF4B-00C04F79EFBC}") = "CafeEmployeeAPI", "CafeEmployeeAPI\CafeEmployeeAPI.csproj", "{D2D72FAA-23E2-4510-8613-047448C84DDD}"
EndProject
Project("{FAE04EC0-301F-11D3-BF4B-00C04F79EFBC}") = "CafeEmployee.Application", "CafeEmployee.Application\CafeEmployee.Application.csproj", "{7F77EC0A-06C1-45FA-A6ED-CCFE6397BA76}"
EndProject
Project("{FAE04EC0-301F-11D3-BF4B-00C04F79EFBC}") = "CafeEmployee.Domain", "CafeEmployee.Domain\CafeEmployee.Domain.csproj", "{88C27EB5-DBC4-4DCD-AF17-2A67E8BC4C38}"
EndProject
Project("{FAE04EC0-301F-11D3-BF4B-00C04F79EFBC}") = "CafeEmployee.Infrastructure", "CafeEmployee.Infrastructure\CafeEmployee.Infrastructure.csproj", "{1021506F-3954-4D02-8347-4BDA515E4827}"
EndProject
Project("{FAE04EC0-301F-11D3-BF4B-00C04F79EFBC}") = "CafeEmployee.Dtos", "CafeEmployee.Dtos\CafeEmployee.Dtos.csproj", "{B216CD78-86BC-4254-A32B-686EC620E78C}"
EndProject
Project("{FAE04EC0-301F-11D3-BF4B-00C04F79EFBC}") = "CafeEmployee.Tests", "CafeEmployee.Tests\CafeEmployee.Tests.csproj", "{AFC3D7B6-2BEF-454C-A9B4-A99A898A7292}"
EndProject
Project("{FAE04EC0-301F-11D3-BF4B-00C04F79EFBC}") = "CafeEmployee.API", "CafeEmployee.API\CafeEmployee.API.csproj", "{1375FFFA-D9A0-4A4F-9D37-1677BAE072FA}"
EndProject
Global
	GlobalSection(SolutionConfigurationPlatforms) = preSolution
		Debug|Any CPU = Debug|Any CPU
		Release|Any CPU = Release|Any CPU
	EndGlobalSection
	GlobalSection(SolutionProperties) = preSolution
		HideSolutionNode = FALSE
	EndGlobalSection
	GlobalSection(ProjectConfigurationPlatforms) = postSolution
		{D2D72FAA-23E2-4510-8613-047448C84DDD}.Debug|Any CPU.ActiveCfg = Debug|Any CPU
		{D2D72FAA-23E2-4510-8613-047448C84DDD}.Debug|Any CPU.Build.0 = Debug|Any CPU
		{D2D72FAA-23E2-4510-8613-047448C84DDD}.Release|Any CPU.ActiveCfg = Release|Any CPU
		{D2D72FAA-23E2-4510-8613-047448C84DDD}.Release|Any CPU.Build.0 = Release|Any CPU
		{7F77EC0A-06C1-45FA-A6ED-CCFE6397BA76}.Debug|Any CPU.ActiveCfg = Debug|Any CPU
		{7F77EC0A-06C1-45FA-A6ED-CCFE6397BA76}.Debug|Any CPU.Build.0 = Debug|Any CPU
		{7F77EC0A-06C1-45FA-A6ED-CCFE6397BA76}.Release|Any CPU.ActiveCfg = Release|Any CPU
		{7F77EC0A-06C1-45FA-A6ED-CCFE6397BA76}.Release|Any CPU.Build.0 = Release|Any CPU
		{88C27EB5-DBC4-4DCD-AF17-2A67E8BC4C38}.Debug|Any CPU.ActiveCfg = Debug|Any CPU
		{88C27EB5-DBC4-4DCD-AF17-2A67E8BC4C38}.Debug|Any CPU.Build.0 = Debug|Any CPU
		{88C27EB5-DBC4-4DCD-AF17-2A67E8BC4C38}.Release|Any CPU.ActiveCfg = Release|Any CPU
		{88C27EB5-DBC4-4DCD-AF17-2A67E8BC4C38}.Release|Any CPU.Build.0 = Release|Any CPU
		{1021506F-3954-4D02-8347-4BDA515E4827}.Debug|Any CPU.ActiveCfg = Debug|Any CPU
		{1021506F-3954-4D02-8347-4BDA515E4827}.Debug|Any CPU.Build.0 = Debug|Any CPU
		{1021506F-3954-4D02-8347-4BDA515E4827}.Release|Any CPU.ActiveCfg = Release|Any CPU
		{1021506F-3954-4D02-8347-4BDA515E4827}.Release|Any CPU.Build.0 = Release|Any CPU
		{B216CD78-86BC-4254-A32B-686EC620E78C}.Debug|Any CPU.ActiveCfg = Debug|Any CPU
		{B216CD78-86BC-4254-A32B-686EC620E78C}.Debug|Any CPU.Build.0 = Debug|Any CPU
		{B216CD78-86BC-4254-A32B-686EC620E78C}.Release|Any CPU.ActiveCfg = Release|Any CPU
		{B216CD78-86BC-4254-A32B-686EC620E78C}.Release|Any CPU.Build.0 = Release|Any CPU
		{AFC3D7B6-2BEF-454C-A9B4-A99A898A7292}.Debug|Any CPU.ActiveCfg = Debug|Any CPU
		{AFC3D7B6-2BEF-454C-A9B4-A99A898A7292}.Debug|Any CPU.Build.0 = Debug|Any CPU
		{AFC3D7B6-2BEF-454C-A9B4-A99A898A7292}.Release|Any CPU.ActiveCfg = Release|Any CPU
		{AFC3D7B6-2BEF-454C-A9B4-A99A898A7292}.Release|Any CPU.Build.0 = Release|Any CPU
		{1375FFFA-D9A0-4A4F-9D37-1677BAE072FA}.Debug|Any CPU.ActiveCfg = Debug|Any CPU
		{1375FFFA-D9A0-4A4F-9D37-1677BAE072FA}.Debug|Any CPU.Build.0 = Debug|Any CPU
		{1375FFFA-D9A0-4A4F-9D37-1677BAE072FA}.Release|Any CPU.ActiveCfg = Release|Any CPU
		{1375FFFA-D9A0-4A4F-9D37-1677BAE072FA}.Release|Any CPU.Build.0 = Release|Any CPU
	EndGlobalSection
EndGlobal
