
Microsoft Visual Studio Solution File, Format Version 12.00
# Visual Studio Version 17
VisualStudioVersion = 17.0.31903.59
MinimumVisualStudioVersion = 10.0.40219.1
Project("{FAE04EC0-301F-11D3-BF4B-00C04F79EFBC}") = "CafeEmployeeAPI.Application", "CafeEmployeeAPI.Application\CafeEmployeeAPI.Application.csproj", "{2EF6A024-C34C-441E-97D4-EF6C9E86B667}"
EndProject
Project("{FAE04EC0-301F-11D3-BF4B-00C04F79EFBC}") = "CafeEmployeeAPI.Domain", "CafeEmployeeAPI.Domain\CafeEmployeeAPI.Domain.csproj", "{B242FF6A-80C6-4F31-B181-1FD1ACA8C404}"
EndProject
Project("{FAE04EC0-301F-11D3-BF4B-00C04F79EFBC}") = "CafeEmployeeAPI.Infrastructure", "CafeEmployeeAPI.Infrastructure\CafeEmployeeAPI.Infrastructure.csproj", "{FFBE5DA0-8504-49F4-A2B9-15D37C6FB5A7}"
EndProject
Project("{FAE04EC0-301F-11D3-BF4B-00C04F79EFBC}") = "CafeEmployeeAPI.WebAPI", "CafeEmployeeAPI.WebAPI\CafeEmployeeAPI.WebAPI.csproj", "{66BD1502-5305-4C53-A32E-022F17BEFFAF}"
EndProject
Global
	GlobalSection(SolutionConfigurationPlatforms) = preSolution
		Debug|Any CPU = Debug|Any CPU
		Release|Any CPU = Release|Any CPU
	EndGlobalSection
	GlobalSection(SolutionProperties) = preSolution
		HideSolutionNode = FALSE
	EndGlobalSection
	GlobalSection(ProjectConfigurationPlatforms) = postSolution
		{2EF6A024-C34C-441E-97D4-EF6C9E86B667}.Debug|Any CPU.ActiveCfg = Debug|Any CPU
		{2EF6A024-C34C-441E-97D4-EF6C9E86B667}.Debug|Any CPU.Build.0 = Debug|Any CPU
		{2EF6A024-C34C-441E-97D4-EF6C9E86B667}.Release|Any CPU.ActiveCfg = Release|Any CPU
		{2EF6A024-C34C-441E-97D4-EF6C9E86B667}.Release|Any CPU.Build.0 = Release|Any CPU
		{B242FF6A-80C6-4F31-B181-1FD1ACA8C404}.Debug|Any CPU.ActiveCfg = Debug|Any CPU
		{B242FF6A-80C6-4F31-B181-1FD1ACA8C404}.Debug|Any CPU.Build.0 = Debug|Any CPU
		{B242FF6A-80C6-4F31-B181-1FD1ACA8C404}.Release|Any CPU.ActiveCfg = Release|Any CPU
		{B242FF6A-80C6-4F31-B181-1FD1ACA8C404}.Release|Any CPU.Build.0 = Release|Any CPU
		{FFBE5DA0-8504-49F4-A2B9-15D37C6FB5A7}.Debug|Any CPU.ActiveCfg = Debug|Any CPU
		{FFBE5DA0-8504-49F4-A2B9-15D37C6FB5A7}.Debug|Any CPU.Build.0 = Debug|Any CPU
		{FFBE5DA0-8504-49F4-A2B9-15D37C6FB5A7}.Release|Any CPU.ActiveCfg = Release|Any CPU
		{FFBE5DA0-8504-49F4-A2B9-15D37C6FB5A7}.Release|Any CPU.Build.0 = Release|Any CPU
		{66BD1502-5305-4C53-A32E-022F17BEFFAF}.Debug|Any CPU.ActiveCfg = Debug|Any CPU
		{66BD1502-5305-4C53-A32E-022F17BEFFAF}.Debug|Any CPU.Build.0 = Debug|Any CPU
		{66BD1502-5305-4C53-A32E-022F17BEFFAF}.Release|Any CPU.ActiveCfg = Release|Any CPU
		{66BD1502-5305-4C53-A32E-022F17BEFFAF}.Release|Any CPU.Build.0 = Release|Any CPU
	EndGlobalSection
EndGlobal
